
Microsoft Visual Studio Solution File, Format Version 12.00
# Visual Studio Version 17
VisualStudioVersion = 17.5.33402.96
MinimumVisualStudioVersion = 10.0.40219.1
Project("{9A19103F-16F7-4668-BE54-9A1E7A4F7556}") = "Web_Application", "Web_Application\Web_Application.csproj", "{13611055-6E11-4A40-95A9-73DA0EE6AA0D}"
EndProject
Project("{9A19103F-16F7-4668-BE54-9A1E7A4F7556}") = "Business_Logic", "Business_Logic\Business_Logic.csproj", "{563051A9-F5B7-4063-9F4B-5B818D74F6BF}"
EndProject
Project("{9A19103F-16F7-4668-BE54-9A1E7A4F7556}") = "Desktop_Application", "Desktop_Application\Desktop_Application.csproj", "{676F7443-CD4D-40DB-8814-65181ECCBDBF}"
EndProject
Project("{9A19103F-16F7-4668-BE54-9A1E7A4F7556}") = "Data_Access_Layer", "Data_Access_Layer\Data_Access_Layer.csproj", "{8C5D7B13-A311-4116-B34C-4FECA1CDFE24}"
EndProject
Project("{9A19103F-16F7-4668-BE54-9A1E7A4F7556}") = "BusinessLogicTests", "BusinessLogicTests\BusinessLogicTests.csproj", "{AE7F5488-082D-4BD4-A24C-F24061EBC359}"
EndProject
Project("{2150E333-8FDC-42A3-9474-1A3956D46DE8}") = "BL", "BL", "{DF6684ED-76B8-489F-838E-D30E4790A0A3}"
EndProject
Project("{2150E333-8FDC-42A3-9474-1A3956D46DE8}") = "DAL", "DAL", "{625959A6-33D1-4065-B676-E61401F2F3BA}"
EndProject
Project("{2150E333-8FDC-42A3-9474-1A3956D46DE8}") = "UI", "UI", "{559780CC-DE72-4382-8ED3-66D723901C7D}"
EndProject
Project("{2150E333-8FDC-42A3-9474-1A3956D46DE8}") = "Tests", "Tests", "{2F1C96D3-037B-4401-871E-46118071403C}"
EndProject
Global
	GlobalSection(SolutionConfigurationPlatforms) = preSolution
		Debug|Any CPU = Debug|Any CPU
		Release|Any CPU = Release|Any CPU
	EndGlobalSection
	GlobalSection(ProjectConfigurationPlatforms) = postSolution
		{13611055-6E11-4A40-95A9-73DA0EE6AA0D}.Debug|Any CPU.ActiveCfg = Debug|Any CPU
		{13611055-6E11-4A40-95A9-73DA0EE6AA0D}.Debug|Any CPU.Build.0 = Debug|Any CPU
		{13611055-6E11-4A40-95A9-73DA0EE6AA0D}.Release|Any CPU.ActiveCfg = Release|Any CPU
		{13611055-6E11-4A40-95A9-73DA0EE6AA0D}.Release|Any CPU.Build.0 = Release|Any CPU
		{563051A9-F5B7-4063-9F4B-5B818D74F6BF}.Debug|Any CPU.ActiveCfg = Debug|Any CPU
		{563051A9-F5B7-4063-9F4B-5B818D74F6BF}.Debug|Any CPU.Build.0 = Debug|Any CPU
		{563051A9-F5B7-4063-9F4B-5B818D74F6BF}.Release|Any CPU.ActiveCfg = Release|Any CPU
		{563051A9-F5B7-4063-9F4B-5B818D74F6BF}.Release|Any CPU.Build.0 = Release|Any CPU
		{676F7443-CD4D-40DB-8814-65181ECCBDBF}.Debug|Any CPU.ActiveCfg = Debug|Any CPU
		{676F7443-CD4D-40DB-8814-65181ECCBDBF}.Debug|Any CPU.Build.0 = Debug|Any CPU
		{676F7443-CD4D-40DB-8814-65181ECCBDBF}.Release|Any CPU.ActiveCfg = Release|Any CPU
		{676F7443-CD4D-40DB-8814-65181ECCBDBF}.Release|Any CPU.Build.0 = Release|Any CPU
		{8C5D7B13-A311-4116-B34C-4FECA1CDFE24}.Debug|Any CPU.ActiveCfg = Debug|Any CPU
		{8C5D7B13-A311-4116-B34C-4FECA1CDFE24}.Debug|Any CPU.Build.0 = Debug|Any CPU
		{8C5D7B13-A311-4116-B34C-4FECA1CDFE24}.Release|Any CPU.ActiveCfg = Release|Any CPU
		{8C5D7B13-A311-4116-B34C-4FECA1CDFE24}.Release|Any CPU.Build.0 = Release|Any CPU
		{AE7F5488-082D-4BD4-A24C-F24061EBC359}.Debug|Any CPU.ActiveCfg = Debug|Any CPU
		{AE7F5488-082D-4BD4-A24C-F24061EBC359}.Debug|Any CPU.Build.0 = Debug|Any CPU
		{AE7F5488-082D-4BD4-A24C-F24061EBC359}.Release|Any CPU.ActiveCfg = Release|Any CPU
		{AE7F5488-082D-4BD4-A24C-F24061EBC359}.Release|Any CPU.Build.0 = Release|Any CPU
	EndGlobalSection
	GlobalSection(SolutionProperties) = preSolution
		HideSolutionNode = FALSE
	EndGlobalSection
	GlobalSection(NestedProjects) = preSolution
		{13611055-6E11-4A40-95A9-73DA0EE6AA0D} = {559780CC-DE72-4382-8ED3-66D723901C7D}
		{563051A9-F5B7-4063-9F4B-5B818D74F6BF} = {DF6684ED-76B8-489F-838E-D30E4790A0A3}
		{676F7443-CD4D-40DB-8814-65181ECCBDBF} = {559780CC-DE72-4382-8ED3-66D723901C7D}
		{8C5D7B13-A311-4116-B34C-4FECA1CDFE24} = {625959A6-33D1-4065-B676-E61401F2F3BA}
		{AE7F5488-082D-4BD4-A24C-F24061EBC359} = {2F1C96D3-037B-4401-871E-46118071403C}
	EndGlobalSection
	GlobalSection(ExtensibilityGlobals) = postSolution
		SolutionGuid = {A5CE52B3-C714-4F2E-AD88-C6BD9A1EC202}
	EndGlobalSection
EndGlobal
