
Microsoft Visual Studio Solution File, Format Version 12.00
# Visual Studio Version 17
VisualStudioVersion = 17.5.33402.96
MinimumVisualStudioVersion = 10.0.40219.1
Project("{9A19103F-16F7-4668-BE54-9A1E7A4F7556}") = "Web_Application", "Web_Application\Web_Application.csproj", "{13611055-6E11-4A40-95A9-73DA0EE6AA0D}"
EndProject
Project("{9A19103F-16F7-4668-BE54-9A1E7A4F7556}") = "Business_Logic", "Business_Logic\Business_Logic.csproj", "{563051A9-F5B7-4063-9F4B-5B818D74F6BF}"
EndProject
Project("{9A19103F-16F7-4668-BE54-9A1E7A4F7556}") = "Desktop_Application", "Desktop_Application\Desktop_Application.csproj", "{676F7443-CD4D-40DB-8814-65181ECCBDBF}"
EndProject
Project("{FAE04EC0-301F-11D3-BF4B-00C04F79EFBC}") = "Data_Access_Layer", "Data_Access_Layer\Data_Access_Layer.csproj", "{8C5D7B13-A311-4116-B34C-4FECA1CDFE24}"
EndProject
Global
	GlobalSection(SolutionConfigurationPlatforms) = preSolution
		Debug|Any CPU = Debug|Any CPU
		Release|Any CPU = Release|Any CPU
	EndGlobalSection
	GlobalSection(ProjectConfigurationPlatforms) = postSolution
		{13611055-6E11-4A40-95A9-73DA0EE6AA0D}.Debug|Any CPU.ActiveCfg = Debug|Any CPU
		{13611055-6E11-4A40-95A9-73DA0EE6AA0D}.Debug|Any CPU.Build.0 = Debug|Any CPU
		{13611055-6E11-4A40-95A9-73DA0EE6AA0D}.Release|Any CPU.ActiveCfg = Release|Any CPU
		{13611055-6E11-4A40-95A9-73DA0EE6AA0D}.Release|Any CPU.Build.0 = Release|Any CPU
		{563051A9-F5B7-4063-9F4B-5B818D74F6BF}.Debug|Any CPU.ActiveCfg = Debug|Any CPU
		{563051A9-F5B7-4063-9F4B-5B818D74F6BF}.Debug|Any CPU.Build.0 = Debug|Any CPU
		{563051A9-F5B7-4063-9F4B-5B818D74F6BF}.Release|Any CPU.ActiveCfg = Release|Any CPU
		{563051A9-F5B7-4063-9F4B-5B818D74F6BF}.Release|Any CPU.Build.0 = Release|Any CPU
		{676F7443-CD4D-40DB-8814-65181ECCBDBF}.Debug|Any CPU.ActiveCfg = Debug|Any CPU
		{676F7443-CD4D-40DB-8814-65181ECCBDBF}.Debug|Any CPU.Build.0 = Debug|Any CPU
		{676F7443-CD4D-40DB-8814-65181ECCBDBF}.Release|Any CPU.ActiveCfg = Release|Any CPU
		{676F7443-CD4D-40DB-8814-65181ECCBDBF}.Release|Any CPU.Build.0 = Release|Any CPU
		{8C5D7B13-A311-4116-B34C-4FECA1CDFE24}.Debug|Any CPU.ActiveCfg = Debug|Any CPU
		{8C5D7B13-A311-4116-B34C-4FECA1CDFE24}.Debug|Any CPU.Build.0 = Debug|Any CPU
		{8C5D7B13-A311-4116-B34C-4FECA1CDFE24}.Release|Any CPU.ActiveCfg = Release|Any CPU
		{8C5D7B13-A311-4116-B34C-4FECA1CDFE24}.Release|Any CPU.Build.0 = Release|Any CPU
	EndGlobalSection
	GlobalSection(SolutionProperties) = preSolution
		HideSolutionNode = FALSE
	EndGlobalSection
	GlobalSection(ExtensibilityGlobals) = postSolution
		SolutionGuid = {A5CE52B3-C714-4F2E-AD88-C6BD9A1EC202}
	EndGlobalSection
EndGlobal
